
Microsoft Visual Studio Solution File, Format Version 12.00
# Visual Studio Version 16
VisualStudioVersion = 16.0.30804.86
MinimumVisualStudioVersion = 10.0.40219.1
Project("{FAE04EC0-301F-11D3-BF4B-00C04F79EFBC}") = "Racer problem", "Racer problem\Racer problem.csproj", "{0698CB65-53ED-4C00-902A-D2DACAC77620}"
EndProject
Global
	GlobalSection(SolutionConfigurationPlatforms) = preSolution
		Debug|Any CPU = Debug|Any CPU
		Release|Any CPU = Release|Any CPU
	EndGlobalSection
	GlobalSection(ProjectConfigurationPlatforms) = postSolution
		{0698CB65-53ED-4C00-902A-D2DACAC77620}.Debug|Any CPU.ActiveCfg = Debug|Any CPU
		{0698CB65-53ED-4C00-902A-D2DACAC77620}.Debug|Any CPU.Build.0 = Debug|Any CPU
		{0698CB65-53ED-4C00-902A-D2DACAC77620}.Release|Any CPU.ActiveCfg = Release|Any CPU
		{0698CB65-53ED-4C00-902A-D2DACAC77620}.Release|Any CPU.Build.0 = Release|Any CPU
	EndGlobalSection
	GlobalSection(SolutionProperties) = preSolution
		HideSolutionNode = FALSE
	EndGlobalSection
	GlobalSection(ExtensibilityGlobals) = postSolution
		SolutionGuid = {2127C78B-EC31-45F2-AB33-6A88531D7775}
	EndGlobalSection
EndGlobal
