
Microsoft Visual Studio Solution File, Format Version 12.00
# Visual Studio Version 16
VisualStudioVersion = 16.0.30804.86
MinimumVisualStudioVersion = 10.0.40219.1
Project("{FAE04EC0-301F-11D3-BF4B-00C04F79EFBC}") = "loan example", "loan example\loan example.csproj", "{CD686CC5-22CB-4A8B-8623-29268BAFAD92}"
EndProject
Global
	GlobalSection(SolutionConfigurationPlatforms) = preSolution
		Debug|Any CPU = Debug|Any CPU
		Release|Any CPU = Release|Any CPU
	EndGlobalSection
	GlobalSection(ProjectConfigurationPlatforms) = postSolution
		{CD686CC5-22CB-4A8B-8623-29268BAFAD92}.Debug|Any CPU.ActiveCfg = Debug|Any CPU
		{CD686CC5-22CB-4A8B-8623-29268BAFAD92}.Debug|Any CPU.Build.0 = Debug|Any CPU
		{CD686CC5-22CB-4A8B-8623-29268BAFAD92}.Release|Any CPU.ActiveCfg = Release|Any CPU
		{CD686CC5-22CB-4A8B-8623-29268BAFAD92}.Release|Any CPU.Build.0 = Release|Any CPU
	EndGlobalSection
	GlobalSection(SolutionProperties) = preSolution
		HideSolutionNode = FALSE
	EndGlobalSection
	GlobalSection(ExtensibilityGlobals) = postSolution
		SolutionGuid = {45F7E75F-FE63-4AD9-84D4-6A56C06A3471}
	EndGlobalSection
EndGlobal
