
Microsoft Visual Studio Solution File, Format Version 12.00
# Visual Studio Version 16
VisualStudioVersion = 16.0.30804.86
MinimumVisualStudioVersion = 10.0.40219.1
Project("{FAE04EC0-301F-11D3-BF4B-00C04F79EFBC}") = "Logical operators", "Logical operators\Logical operators.csproj", "{3835D057-A672-41C8-B98D-DE96779E9284}"
EndProject
Global
	GlobalSection(SolutionConfigurationPlatforms) = preSolution
		Debug|Any CPU = Debug|Any CPU
		Release|Any CPU = Release|Any CPU
	EndGlobalSection
	GlobalSection(ProjectConfigurationPlatforms) = postSolution
		{3835D057-A672-41C8-B98D-DE96779E9284}.Debug|Any CPU.ActiveCfg = Debug|Any CPU
		{3835D057-A672-41C8-B98D-DE96779E9284}.Debug|Any CPU.Build.0 = Debug|Any CPU
		{3835D057-A672-41C8-B98D-DE96779E9284}.Release|Any CPU.ActiveCfg = Release|Any CPU
		{3835D057-A672-41C8-B98D-DE96779E9284}.Release|Any CPU.Build.0 = Release|Any CPU
	EndGlobalSection
	GlobalSection(SolutionProperties) = preSolution
		HideSolutionNode = FALSE
	EndGlobalSection
	GlobalSection(ExtensibilityGlobals) = postSolution
		SolutionGuid = {B876D686-AAD7-45D1-916E-773D244672E2}
	EndGlobalSection
EndGlobal
